// !$*UTF8*$!
{
	archiveVersion = 1;
	classes = {
	};
	objectVersion = 46;
	objects = {

/* Begin PBXBuildFile section */
		093138401CFFF3A400A1D87B /* SiriWaveformView.swift in Sources */ = {isa = PBXBuildFile; fileRef = 0931383F1CFFF3A400A1D87B /* SiriWaveformView.swift */; };
		093138421CFFF3E800A1D87B /* ConnectViewController.swift in Sources */ = {isa = PBXBuildFile; fileRef = 093138411CFFF3E800A1D87B /* ConnectViewController.swift */; };
		093138441CFFF43500A1D87B /* VoiceControlViewController.swift in Sources */ = {isa = PBXBuildFile; fileRef = 093138431CFFF43500A1D87B /* VoiceControlViewController.swift */; };
		093138461CFFF45100A1D87B /* MapViewController.swift in Sources */ = {isa = PBXBuildFile; fileRef = 093138451CFFF45100A1D87B /* MapViewController.swift */; };
		09BBA8E31CEDFB6100ED1408 /* AppDelegate.swift in Sources */ = {isa = PBXBuildFile; fileRef = 09BBA8E21CEDFB6100ED1408 /* AppDelegate.swift */; };
		09BBA8EA1CEDFB6100ED1408 /* Main.storyboard in Resources */ = {isa = PBXBuildFile; fileRef = 09BBA8E81CEDFB6100ED1408 /* Main.storyboard */; };
		09BBA8EC1CEDFB6100ED1408 /* Assets.xcassets in Resources */ = {isa = PBXBuildFile; fileRef = 09BBA8EB1CEDFB6100ED1408 /* Assets.xcassets */; };
		09BBA8EF1CEDFB6100ED1408 /* LaunchScreen.storyboard in Resources */ = {isa = PBXBuildFile; fileRef = 09BBA8ED1CEDFB6100ED1408 /* LaunchScreen.storyboard */; };
/* End PBXBuildFile section */

/* Begin PBXFileReference section */
		0931383F1CFFF3A400A1D87B /* SiriWaveformView.swift */ = {isa = PBXFileReference; fileEncoding = 4; lastKnownFileType = sourcecode.swift; path = SiriWaveformView.swift; sourceTree = "<group>"; };
		093138411CFFF3E800A1D87B /* ConnectViewController.swift */ = {isa = PBXFileReference; fileEncoding = 4; lastKnownFileType = sourcecode.swift; path = ConnectViewController.swift; sourceTree = "<group>"; };
		093138431CFFF43500A1D87B /* VoiceControlViewController.swift */ = {isa = PBXFileReference; fileEncoding = 4; lastKnownFileType = sourcecode.swift; path = VoiceControlViewController.swift; sourceTree = "<group>"; };
		093138451CFFF45100A1D87B /* MapViewController.swift */ = {isa = PBXFileReference; fileEncoding = 4; lastKnownFileType = sourcecode.swift; path = MapViewController.swift; sourceTree = "<group>"; };
		09BBA8DF1CEDFB6100ED1408 /* iLabRobot.app */ = {isa = PBXFileReference; explicitFileType = wrapper.application; includeInIndex = 0; path = iLabRobot.app; sourceTree = BUILT_PRODUCTS_DIR; };
		09BBA8E21CEDFB6100ED1408 /* AppDelegate.swift */ = {isa = PBXFileReference; lastKnownFileType = sourcecode.swift; path = AppDelegate.swift; sourceTree = "<group>"; };
		09BBA8E91CEDFB6100ED1408 /* Base */ = {isa = PBXFileReference; lastKnownFileType = file.storyboard; name = Base; path = Base.lproj/Main.storyboard; sourceTree = "<group>"; };
		09BBA8EB1CEDFB6100ED1408 /* Assets.xcassets */ = {isa = PBXFileReference; lastKnownFileType = folder.assetcatalog; path = Assets.xcassets; sourceTree = "<group>"; };
		09BBA8EE1CEDFB6100ED1408 /* Base */ = {isa = PBXFileReference; lastKnownFileType = file.storyboard; name = Base; path = Base.lproj/LaunchScreen.storyboard; sourceTree = "<group>"; };
		09BBA8F01CEDFB6100ED1408 /* Info.plist */ = {isa = PBXFileReference; lastKnownFileType = text.plist.xml; path = Info.plist; sourceTree = "<group>"; };
/* End PBXFileReference section */

/* Begin PBXFrameworksBuildPhase section */
		09BBA8DC1CEDFB6100ED1408 /* Frameworks */ = {
			isa = PBXFrameworksBuildPhase;
			buildActionMask = 2147483647;
			files = (
			);
			runOnlyForDeploymentPostprocessing = 0;
		};
/* End PBXFrameworksBuildPhase section */

/* Begin PBXGroup section */
		0931383E1CFFF36000A1D87B /* ViewController */ = {
			isa = PBXGroup;
			children = (
				093138411CFFF3E800A1D87B /* ConnectViewController.swift */,
				093138431CFFF43500A1D87B /* VoiceControlViewController.swift */,
				093138451CFFF45100A1D87B /* MapViewController.swift */,
				0931383F1CFFF3A400A1D87B /* SiriWaveformView.swift */,
			);
			name = ViewController;
			sourceTree = "<group>";
		};
		09BBA8D61CEDFB6100ED1408 = {
			isa = PBXGroup;
			children = (
				09BBA8E11CEDFB6100ED1408 /* iLabRobot */,
				09BBA8E01CEDFB6100ED1408 /* Products */,
			);
			sourceTree = "<group>";
		};
		09BBA8E01CEDFB6100ED1408 /* Products */ = {
			isa = PBXGroup;
			children = (
				09BBA8DF1CEDFB6100ED1408 /* iLabRobot.app */,
			);
			name = Products;
			sourceTree = "<group>";
		};
		09BBA8E11CEDFB6100ED1408 /* iLabRobot */ = {
			isa = PBXGroup;
			children = (
				0931383E1CFFF36000A1D87B /* ViewController */,
				09BBA8E21CEDFB6100ED1408 /* AppDelegate.swift */,
				09BBA8E81CEDFB6100ED1408 /* Main.storyboard */,
				09BBA8EB1CEDFB6100ED1408 /* Assets.xcassets */,
				09BBA8ED1CEDFB6100ED1408 /* LaunchScreen.storyboard */,
				09BBA8F01CEDFB6100ED1408 /* Info.plist */,
			);
			path = iLabRobot;
			sourceTree = "<group>";
		};
/* End PBXGroup section */

/* Begin PBXNativeTarget section */
		09BBA8DE1CEDFB6100ED1408 /* iLabRobot */ = {
			isa = PBXNativeTarget;
			buildConfigurationList = 09BBA8F31CEDFB6100ED1408 /* Build configuration list for PBXNativeTarget "iLabRobot" */;
			buildPhases = (
				09BBA8DB1CEDFB6100ED1408 /* Sources */,
				09BBA8DC1CEDFB6100ED1408 /* Frameworks */,
				09BBA8DD1CEDFB6100ED1408 /* Resources */,
			);
			buildRules = (
			);
			dependencies = (
			);
			name = iLabRobot;
			productName = iLabRobot;
			productReference = 09BBA8DF1CEDFB6100ED1408 /* iLabRobot.app */;
			productType = "com.apple.product-type.application";
		};
/* End PBXNativeTarget section */

/* Begin PBXProject section */
		09BBA8D71CEDFB6100ED1408 /* Project object */ = {
			isa = PBXProject;
			attributes = {
				LastSwiftUpdateCheck = 0730;
				LastUpgradeCheck = 0730;
				ORGANIZATIONNAME = JohnBryant;
				TargetAttributes = {
					09BBA8DE1CEDFB6100ED1408 = {
						CreatedOnToolsVersion = 7.3.1;
					};
				};
			};
			buildConfigurationList = 09BBA8DA1CEDFB6100ED1408 /* Build configuration list for PBXProject "iLabRobot" */;
			compatibilityVersion = "Xcode 3.2";
			developmentRegion = English;
			hasScannedForEncodings = 0;
			knownRegions = (
				en,
				Base,
			);
			mainGroup = 09BBA8D61CEDFB6100ED1408;
			productRefGroup = 09BBA8E01CEDFB6100ED1408 /* Products */;
			projectDirPath = "";
			projectRoot = "";
			targets = (
				09BBA8DE1CEDFB6100ED1408 /* iLabRobot */,
			);
		};
/* End PBXProject section */

/* Begin PBXResourcesBuildPhase section */
		09BBA8DD1CEDFB6100ED1408 /* Resources */ = {
			isa = PBXResourcesBuildPhase;
			buildActionMask = 2147483647;
			files = (
				09BBA8EF1CEDFB6100ED1408 /* LaunchScreen.storyboard in Resources */,
				09BBA8EC1CEDFB6100ED1408 /* Assets.xcassets in Resources */,
				09BBA8EA1CEDFB6100ED1408 /* Main.storyboard in Resources */,
			);
			runOnlyForDeploymentPostprocessing = 0;
		};
/* End PBXResourcesBuildPhase section */

/* Begin PBXSourcesBuildPhase section */
		09BBA8DB1CEDFB6100ED1408 /* Sources */ = {
			isa = PBXSourcesBuildPhase;
			buildActionMask = 2147483647;
			files = (
				093138421CFFF3E800A1D87B /* ConnectViewController.swift in Sources */,
				093138401CFFF3A400A1D87B /* SiriWaveformView.swift in Sources */,
				093138441CFFF43500A1D87B /* VoiceControlViewController.swift in Sources */,
				093138461CFFF45100A1D87B /* MapViewController.swift in Sources */,
				09BBA8E31CEDFB6100ED1408 /* AppDelegate.swift in Sources */,
			);
			runOnlyForDeploymentPostprocessing = 0;
		};
/* End PBXSourcesBuildPhase section */

/* Begin PBXVariantGroup section */
		09BBA8E81CEDFB6100ED1408 /* Main.storyboard */ = {
			isa = PBXVariantGroup;
			children = (
				09BBA8E91CEDFB6100ED1408 /* Base */,
			);
			name = Main.storyboard;
			sourceTree = "<group>";
		};
		09BBA8ED1CEDFB6100ED1408 /* LaunchScreen.storyboard */ = {
			isa = PBXVariantGroup;
			children = (
				09BBA8EE1CEDFB6100ED1408 /* Base */,
			);
			name = LaunchScreen.storyboard;
			sourceTree = "<group>";
		};
/* End PBXVariantGroup section */

/* Begin XCBuildConfiguration section */
		09BBA8F11CEDFB6100ED1408 /* Debug */ = {
			isa = XCBuildConfiguration;
			buildSettings = {
				ALWAYS_SEARCH_USER_PATHS = NO;
				CLANG_ANALYZER_NONNULL = YES;
				CLANG_CXX_LANGUAGE_STANDARD = "gnu++0x";
				CLANG_CXX_LIBRARY = "libc++";
				CLANG_ENABLE_MODULES = YES;
				CLANG_ENABLE_OBJC_ARC = YES;
				CLANG_WARN_BOOL_CONVERSION = YES;
				CLANG_WARN_CONSTANT_CONVERSION = YES;
				CLANG_WARN_DIRECT_OBJC_ISA_USAGE = YES_ERROR;
				CLANG_WARN_EMPTY_BODY = YES;
				CLANG_WARN_ENUM_CONVERSION = YES;
				CLANG_WARN_INT_CONVERSION = YES;
				CLANG_WARN_OBJC_ROOT_CLASS = YES_ERROR;
				CLANG_WARN_UNREACHABLE_CODE = YES;
				CLANG_WARN__DUPLICATE_METHOD_MATCH = YES;
				"CODE_SIGN_IDENTITY[sdk=iphoneos*]" = "iPhone Developer";
				COPY_PHASE_STRIP = NO;
				DEBUG_INFORMATION_FORMAT = dwarf;
				ENABLE_STRICT_OBJC_MSGSEND = YES;
				ENABLE_TESTABILITY = YES;
				GCC_C_LANGUAGE_STANDARD = gnu99;
				GCC_DYNAMIC_NO_PIC = NO;
				GCC_NO_COMMON_BLOCKS = YES;
				GCC_OPTIMIZATION_LEVEL = 0;
				GCC_PREPROCESSOR_DEFINITIONS = (
					"DEBUG=1",
					"$(inherited)",
				);
				GCC_WARN_64_TO_32_BIT_CONVERSION = YES;
				GCC_WARN_ABOUT_RETURN_TYPE = YES_ERROR;
				GCC_WARN_UNDECLARED_SELECTOR = YES;
				GCC_WARN_UNINITIALIZED_AUTOS = YES_AGGRESSIVE;
				GCC_WARN_UNUSED_FUNCTION = YES;
				GCC_WARN_UNUSED_VARIABLE = YES;
				IPHONEOS_DEPLOYMENT_TARGET = 9.3;
				MTL_ENABLE_DEBUG_INFO = YES;
				ONLY_ACTIVE_ARCH = YES;
				SDKROOT = iphoneos;
				SWIFT_OPTIMIZATION_LEVEL = "-Onone";
			};
			name = Debug;
		};
		09BBA8F21CEDFB6100ED1408 /* Release */ = {
			isa = XCBuildConfiguration;
			buildSettings = {
				ALWAYS_SEARCH_USER_PATHS = NO;
				CLANG_ANALYZER_NONNULL = YES;
				CLANG_CXX_LANGUAGE_STANDARD = "gnu++0x";
				CLANG_CXX_LIBRARY = "libc++";
				CLANG_ENABLE_MODULES = YES;
				CLANG_ENABLE_OBJC_ARC = YES;
				CLANG_WARN_BOOL_CONVERSION = YES;
				CLANG_WARN_CONSTANT_CONVERSION = YES;
				CLANG_WARN_DIRECT_OBJC_ISA_USAGE = YES_ERROR;
				CLANG_WARN_EMPTY_BODY = YES;
				CLANG_WARN_ENUM_CONVERSION = YES;
				CLANG_WARN_INT_CONVERSION = YES;
				CLANG_WARN_OBJC_ROOT_CLASS = YES_ERROR;
				CLANG_WARN_UNREACHABLE_CODE = YES;
				CLANG_WARN__DUPLICATE_METHOD_MATCH = YES;
				"CODE_SIGN_IDENTITY[sdk=iphoneos*]" = "iPhone Developer";
				COPY_PHASE_STRIP = NO;
				DEBUG_INFORMATION_FORMAT = "dwarf-with-dsym";
				ENABLE_NS_ASSERTIONS = NO;
				ENABLE_STRICT_OBJC_MSGSEND = YES;
				GCC_C_LANGUAGE_STANDARD = gnu99;
				GCC_NO_COMMON_BLOCKS = YES;
				GCC_WARN_64_TO_32_BIT_CONVERSION = YES;
				GCC_WARN_ABOUT_RETURN_TYPE = YES_ERROR;
				GCC_WARN_UNDECLARED_SELECTOR = YES;
				GCC_WARN_UNINITIALIZED_AUTOS = YES_AGGRESSIVE;
				GCC_WARN_UNUSED_FUNCTION = YES;
				GCC_WARN_UNUSED_VARIABLE = YES;
				IPHONEOS_DEPLOYMENT_TARGET = 9.3;
				MTL_ENABLE_DEBUG_INFO = NO;
				SDKROOT = iphoneos;
				VALIDATE_PRODUCT = YES;
			};
			name = Release;
		};
		09BBA8F41CEDFB6100ED1408 /* Debug */ = {
			isa = XCBuildConfiguration;
			buildSettings = {
				ASSETCATALOG_COMPILER_APPICON_NAME = AppIcon;
				INFOPLIST_FILE = iLabRobot/Info.plist;
				LD_RUNPATH_SEARCH_PATHS = "$(inherited) @executable_path/Frameworks";
				PRODUCT_BUNDLE_IDENTIFIER = com.JohnBryant.iLabRobot;
				PRODUCT_NAME = "$(TARGET_NAME)";
			};
			name = Debug;
		};
		09BBA8F51CEDFB6100ED1408 /* Release */ = {
			isa = XCBuildConfiguration;
			buildSettings = {
				ASSETCATALOG_COMPILER_APPICON_NAME = AppIcon;
				INFOPLIST_FILE = iLabRobot/Info.plist;
				LD_RUNPATH_SEARCH_PATHS = "$(inherited) @executable_path/Frameworks";
				PRODUCT_BUNDLE_IDENTIFIER = com.JohnBryant.iLabRobot;
				PRODUCT_NAME = "$(TARGET_NAME)";
			};
			name = Release;
		};
/* End XCBuildConfiguration section */

/* Begin XCConfigurationList section */
		09BBA8DA1CEDFB6100ED1408 /* Build configuration list for PBXProject "iLabRobot" */ = {
			isa = XCConfigurationList;
			buildConfigurations = (
				09BBA8F11CEDFB6100ED1408 /* Debug */,
				09BBA8F21CEDFB6100ED1408 /* Release */,
			);
			defaultConfigurationIsVisible = 0;
			defaultConfigurationName = Release;
		};
		09BBA8F31CEDFB6100ED1408 /* Build configuration list for PBXNativeTarget "iLabRobot" */ = {
			isa = XCConfigurationList;
			buildConfigurations = (
				09BBA8F41CEDFB6100ED1408 /* Debug */,
				09BBA8F51CEDFB6100ED1408 /* Release */,
			);
			defaultConfigurationIsVisible = 0;
			defaultConfigurationName = Release;
		};
/* End XCConfigurationList section */
	};
	rootObject = 09BBA8D71CEDFB6100ED1408 /* Project object */;
}
